// !$*UTF8*$!
{
	archiveVersion = 1;
	classes = {
	};
	objectVersion = 54;
	objects = {

/* Begin PBXBuildFile section */
		A926787126B23C7200D6FB14 /* landmarkData.json in Resources */ = {isa = PBXBuildFile; fileRef = A926787026B23C7200D6FB14 /* landmarkData.json */; };
		A926788B26B2412A00D6FB14 /* ModelData.swift in Sources */ = {isa = PBXBuildFile; fileRef = A926788A26B2412A00D6FB14 /* ModelData.swift */; };
		A94BB07826B0421A0077F6B9 /* LandmarksApp.swift in Sources */ = {isa = PBXBuildFile; fileRef = A94BB07726B0421A0077F6B9 /* LandmarksApp.swift */; };
		A94BB07A26B0421A0077F6B9 /* ContentView.swift in Sources */ = {isa = PBXBuildFile; fileRef = A94BB07926B0421A0077F6B9 /* ContentView.swift */; };
		A94BB07C26B0421B0077F6B9 /* Assets.xcassets in Resources */ = {isa = PBXBuildFile; fileRef = A94BB07B26B0421B0077F6B9 /* Assets.xcassets */; };
		A94BB07F26B0421B0077F6B9 /* Preview Assets.xcassets in Resources */ = {isa = PBXBuildFile; fileRef = A94BB07E26B0421B0077F6B9 /* Preview Assets.xcassets */; };
		A96D6E3D26B0E28300E12FCB /* CircleImage.swift in Sources */ = {isa = PBXBuildFile; fileRef = A96D6E3C26B0E28300E12FCB /* CircleImage.swift */; };
		A96D6E3F26B0EFC300E12FCB /* MapView.swift in Sources */ = {isa = PBXBuildFile; fileRef = A96D6E3E26B0EFC300E12FCB /* MapView.swift */; };
		A9752D8B26B2660500B0A7D1 /* Landmark.swift in Sources */ = {isa = PBXBuildFile; fileRef = A9752D8A26B2660500B0A7D1 /* Landmark.swift */; };
		A9752D8F26B26C8F00B0A7D1 /* LandmarkRow.swift in Sources */ = {isa = PBXBuildFile; fileRef = A9752D8E26B26C8F00B0A7D1 /* LandmarkRow.swift */; };
		A9752D9126B272CD00B0A7D1 /* LandmarkList.swift in Sources */ = {isa = PBXBuildFile; fileRef = A9752D9026B272CD00B0A7D1 /* LandmarkList.swift */; };
		A98D384126B3AA6D00E812A5 /* LandmarkDetail.swift in Sources */ = {isa = PBXBuildFile; fileRef = A98D384026B3AA6D00E812A5 /* LandmarkDetail.swift */; };
		A99F9EEE26B918D6003A2D41 /* FavoriteButton.swift in Sources */ = {isa = PBXBuildFile; fileRef = A99F9EED26B918D6003A2D41 /* FavoriteButton.swift */; };
		A99F9EF226BA5C1E003A2D41 /* HexagonParameters.swift in Sources */ = {isa = PBXBuildFile; fileRef = A99F9EF126BA5C1E003A2D41 /* HexagonParameters.swift */; };
		A99F9EF426BA5D4D003A2D41 /* BadgeBackground.swift in Sources */ = {isa = PBXBuildFile; fileRef = A99F9EF326BA5D4D003A2D41 /* BadgeBackground.swift */; };
		A99F9EF626BB8253003A2D41 /* BadgeSymbol.swift in Sources */ = {isa = PBXBuildFile; fileRef = A99F9EF526BB8253003A2D41 /* BadgeSymbol.swift */; };
		A99F9EF826BB8318003A2D41 /* RotatedBadgeSymbol.swift in Sources */ = {isa = PBXBuildFile; fileRef = A99F9EF726BB8318003A2D41 /* RotatedBadgeSymbol.swift */; };
		A99F9EFA26BB8376003A2D41 /* Badge.swift in Sources */ = {isa = PBXBuildFile; fileRef = A99F9EF926BB8376003A2D41 /* Badge.swift */; };
/* End PBXBuildFile section */

/* Begin PBXFileReference section */
		A926787026B23C7200D6FB14 /* landmarkData.json */ = {isa = PBXFileReference; fileEncoding = 4; lastKnownFileType = text.json; path = landmarkData.json; sourceTree = "<group>"; };
		A926788A26B2412A00D6FB14 /* ModelData.swift */ = {isa = PBXFileReference; lastKnownFileType = sourcecode.swift; path = ModelData.swift; sourceTree = "<group>"; };
		A94BB07426B0421A0077F6B9 /* Landmarks.app */ = {isa = PBXFileReference; explicitFileType = wrapper.application; includeInIndex = 0; path = Landmarks.app; sourceTree = BUILT_PRODUCTS_DIR; };
		A94BB07726B0421A0077F6B9 /* LandmarksApp.swift */ = {isa = PBXFileReference; lastKnownFileType = sourcecode.swift; path = LandmarksApp.swift; sourceTree = "<group>"; };
		A94BB07926B0421A0077F6B9 /* ContentView.swift */ = {isa = PBXFileReference; lastKnownFileType = sourcecode.swift; path = ContentView.swift; sourceTree = "<group>"; };
		A94BB07B26B0421B0077F6B9 /* Assets.xcassets */ = {isa = PBXFileReference; lastKnownFileType = folder.assetcatalog; path = Assets.xcassets; sourceTree = "<group>"; };
		A94BB07E26B0421B0077F6B9 /* Preview Assets.xcassets */ = {isa = PBXFileReference; lastKnownFileType = folder.assetcatalog; path = "Preview Assets.xcassets"; sourceTree = "<group>"; };
		A94BB08026B0421B0077F6B9 /* Info.plist */ = {isa = PBXFileReference; lastKnownFileType = text.plist.xml; path = Info.plist; sourceTree = "<group>"; };
		A96D6E3C26B0E28300E12FCB /* CircleImage.swift */ = {isa = PBXFileReference; lastKnownFileType = sourcecode.swift; path = CircleImage.swift; sourceTree = "<group>"; };
		A96D6E3E26B0EFC300E12FCB /* MapView.swift */ = {isa = PBXFileReference; lastKnownFileType = sourcecode.swift; path = MapView.swift; sourceTree = "<group>"; };
		A9752D8A26B2660500B0A7D1 /* Landmark.swift */ = {isa = PBXFileReference; lastKnownFileType = sourcecode.swift; path = Landmark.swift; sourceTree = "<group>"; };
		A9752D8E26B26C8F00B0A7D1 /* LandmarkRow.swift */ = {isa = PBXFileReference; lastKnownFileType = sourcecode.swift; name = LandmarkRow.swift; path = Landmarks/Views/Landmark/LandmarkRow.swift; sourceTree = SOURCE_ROOT; };
		A9752D9026B272CD00B0A7D1 /* LandmarkList.swift */ = {isa = PBXFileReference; lastKnownFileType = sourcecode.swift; path = LandmarkList.swift; sourceTree = "<group>"; };
		A98D384026B3AA6D00E812A5 /* LandmarkDetail.swift */ = {isa = PBXFileReference; lastKnownFileType = sourcecode.swift; path = LandmarkDetail.swift; sourceTree = "<group>"; };
		A99F9EED26B918D6003A2D41 /* FavoriteButton.swift */ = {isa = PBXFileReference; lastKnownFileType = sourcecode.swift; path = FavoriteButton.swift; sourceTree = "<group>"; };
		A99F9EF126BA5C1E003A2D41 /* HexagonParameters.swift */ = {isa = PBXFileReference; lastKnownFileType = sourcecode.swift; path = HexagonParameters.swift; sourceTree = "<group>"; };
		A99F9EF326BA5D4D003A2D41 /* BadgeBackground.swift */ = {isa = PBXFileReference; lastKnownFileType = sourcecode.swift; path = BadgeBackground.swift; sourceTree = "<group>"; };
		A99F9EF526BB8253003A2D41 /* BadgeSymbol.swift */ = {isa = PBXFileReference; lastKnownFileType = sourcecode.swift; path = BadgeSymbol.swift; sourceTree = "<group>"; };
		A99F9EF726BB8318003A2D41 /* RotatedBadgeSymbol.swift */ = {isa = PBXFileReference; lastKnownFileType = sourcecode.swift; path = RotatedBadgeSymbol.swift; sourceTree = "<group>"; };
		A99F9EF926BB8376003A2D41 /* Badge.swift */ = {isa = PBXFileReference; lastKnownFileType = sourcecode.swift; path = Badge.swift; sourceTree = "<group>"; };
/* End PBXFileReference section */

/* Begin PBXFrameworksBuildPhase section */
		A94BB07126B0421A0077F6B9 /* Frameworks */ = {
			isa = PBXFrameworksBuildPhase;
			buildActionMask = 2147483647;
			files = (
			);
			runOnlyForDeploymentPostprocessing = 0;
		};
/* End PBXFrameworksBuildPhase section */

/* Begin PBXGroup section */
		A926788D26B2627200D6FB14 /* Resources */ = {
			isa = PBXGroup;
			children = (
				A926787026B23C7200D6FB14 /* landmarkData.json */,
			);
			path = Resources;
			sourceTree = "<group>";
		};
		A926788E26B262B600D6FB14 /* Views */ = {
			isa = PBXGroup;
			children = (
				A99F9EFB26BB84D1003A2D41 /* Badges */,
				A99F9EF026B919A2003A2D41 /* Landmark */,
				A99F9EEF26B91989003A2D41 /* Helper */,
				A94BB07926B0421A0077F6B9 /* ContentView.swift */,
			);
			path = Views;
			sourceTree = "<group>";
		};
		A926788F26B262D400D6FB14 /* Model */ = {
			isa = PBXGroup;
			children = (
				A926788A26B2412A00D6FB14 /* ModelData.swift */,
				A9752D8A26B2660500B0A7D1 /* Landmark.swift */,
			);
			path = Model;
			sourceTree = "<group>";
		};
		A94BB06B26B0421A0077F6B9 = {
			isa = PBXGroup;
			children = (
				A94BB07626B0421A0077F6B9 /* Landmarks */,
				A94BB07526B0421A0077F6B9 /* Products */,
			);
			sourceTree = "<group>";
		};
		A94BB07526B0421A0077F6B9 /* Products */ = {
			isa = PBXGroup;
			children = (
				A94BB07426B0421A0077F6B9 /* Landmarks.app */,
			);
			name = Products;
			sourceTree = "<group>";
		};
		A94BB07626B0421A0077F6B9 /* Landmarks */ = {
			isa = PBXGroup;
			children = (
				A94BB07726B0421A0077F6B9 /* LandmarksApp.swift */,
				A926788E26B262B600D6FB14 /* Views */,
				A926788F26B262D400D6FB14 /* Model */,
				A926788D26B2627200D6FB14 /* Resources */,
				A94BB07B26B0421B0077F6B9 /* Assets.xcassets */,
				A94BB08026B0421B0077F6B9 /* Info.plist */,
				A94BB07D26B0421B0077F6B9 /* Preview Content */,
			);
			path = Landmarks;
			sourceTree = "<group>";
		};
		A94BB07D26B0421B0077F6B9 /* Preview Content */ = {
			isa = PBXGroup;
			children = (
				A94BB07E26B0421B0077F6B9 /* Preview Assets.xcassets */,
			);
			path = "Preview Content";
			sourceTree = "<group>";
		};
		A99F9EEF26B91989003A2D41 /* Helper */ = {
			isa = PBXGroup;
			children = (
				A96D6E3C26B0E28300E12FCB /* CircleImage.swift */,
				A96D6E3E26B0EFC300E12FCB /* MapView.swift */,
				A99F9EED26B918D6003A2D41 /* FavoriteButton.swift */,
			);
			path = Helper;
			sourceTree = "<group>";
		};
		A99F9EF026B919A2003A2D41 /* Landmark */ = {
			isa = PBXGroup;
			children = (
				A9752D8E26B26C8F00B0A7D1 /* LandmarkRow.swift */,
				A9752D9026B272CD00B0A7D1 /* LandmarkList.swift */,
				A98D384026B3AA6D00E812A5 /* LandmarkDetail.swift */,
			);
			path = Landmark;
			sourceTree = "<group>";
		};
		A99F9EFB26BB84D1003A2D41 /* Badges */ = {
			isa = PBXGroup;
			children = (
				A99F9EF326BA5D4D003A2D41 /* BadgeBackground.swift */,
				A99F9EF526BB8253003A2D41 /* BadgeSymbol.swift */,
				A99F9EF726BB8318003A2D41 /* RotatedBadgeSymbol.swift */,
				A99F9EF926BB8376003A2D41 /* Badge.swift */,
				A99F9EF126BA5C1E003A2D41 /* HexagonParameters.swift */,
			);
			path = Badges;
			sourceTree = "<group>";
		};
/* End PBXGroup section */

/* Begin PBXNativeTarget section */
		A94BB07326B0421A0077F6B9 /* Landmarks */ = {
			isa = PBXNativeTarget;
			buildConfigurationList = A94BB08326B0421B0077F6B9 /* Build configuration list for PBXNativeTarget "Landmarks" */;
			buildPhases = (
				A94BB07026B0421A0077F6B9 /* Sources */,
				A94BB07126B0421A0077F6B9 /* Frameworks */,
				A94BB07226B0421A0077F6B9 /* Resources */,
			);
			buildRules = (
			);
			dependencies = (
			);
			name = Landmarks;
			productName = Landmarks;
			productReference = A94BB07426B0421A0077F6B9 /* Landmarks.app */;
			productType = "com.apple.product-type.application";
		};
/* End PBXNativeTarget section */

/* Begin PBXProject section */
		A94BB06C26B0421A0077F6B9 /* Project object */ = {
			isa = PBXProject;
			attributes = {
				LastSwiftUpdateCheck = 1250;
				LastUpgradeCheck = 1250;
				TargetAttributes = {
					A94BB07326B0421A0077F6B9 = {
						CreatedOnToolsVersion = 12.5.1;
					};
				};
			};
			buildConfigurationList = A94BB06F26B0421A0077F6B9 /* Build configuration list for PBXProject "Landmarks" */;
			compatibilityVersion = "Xcode 12.0";
			developmentRegion = en;
			hasScannedForEncodings = 0;
			knownRegions = (
				en,
				Base,
			);
			mainGroup = A94BB06B26B0421A0077F6B9;
			productRefGroup = A94BB07526B0421A0077F6B9 /* Products */;
			projectDirPath = "";
			projectRoot = "";
			targets = (
				A94BB07326B0421A0077F6B9 /* Landmarks */,
			);
		};
/* End PBXProject section */

/* Begin PBXResourcesBuildPhase section */
		A94BB07226B0421A0077F6B9 /* Resources */ = {
			isa = PBXResourcesBuildPhase;
			buildActionMask = 2147483647;
			files = (
				A94BB07F26B0421B0077F6B9 /* Preview Assets.xcassets in Resources */,
				A94BB07C26B0421B0077F6B9 /* Assets.xcassets in Resources */,
				A926787126B23C7200D6FB14 /* landmarkData.json in Resources */,
			);
			runOnlyForDeploymentPostprocessing = 0;
		};
/* End PBXResourcesBuildPhase section */

/* Begin PBXSourcesBuildPhase section */
		A94BB07026B0421A0077F6B9 /* Sources */ = {
			isa = PBXSourcesBuildPhase;
			buildActionMask = 2147483647;
			files = (
				A9752D8B26B2660500B0A7D1 /* Landmark.swift in Sources */,
				A99F9EFA26BB8376003A2D41 /* Badge.swift in Sources */,
				A94BB07A26B0421A0077F6B9 /* ContentView.swift in Sources */,
				A96D6E3F26B0EFC300E12FCB /* MapView.swift in Sources */,
				A99F9EEE26B918D6003A2D41 /* FavoriteButton.swift in Sources */,
				A99F9EF226BA5C1E003A2D41 /* HexagonParameters.swift in Sources */,
				A99F9EF826BB8318003A2D41 /* RotatedBadgeSymbol.swift in Sources */,
				A99F9EF626BB8253003A2D41 /* BadgeSymbol.swift in Sources */,
				A9752D9126B272CD00B0A7D1 /* LandmarkList.swift in Sources */,
				A98D384126B3AA6D00E812A5 /* LandmarkDetail.swift in Sources */,
				A99F9EF426BA5D4D003A2D41 /* BadgeBackground.swift in Sources */,
				A94BB07826B0421A0077F6B9 /* LandmarksApp.swift in Sources */,
				A96D6E3D26B0E28300E12FCB /* CircleImage.swift in Sources */,
				A9752D8F26B26C8F00B0A7D1 /* LandmarkRow.swift in Sources */,
				A926788B26B2412A00D6FB14 /* ModelData.swift in Sources */,
			);
			runOnlyForDeploymentPostprocessing = 0;
		};
/* End PBXSourcesBuildPhase section */

/* Begin XCBuildConfiguration section */
		A94BB08126B0421B0077F6B9 /* Debug */ = {
			isa = XCBuildConfiguration;
			buildSettings = {
				ALWAYS_SEARCH_USER_PATHS = NO;
				CLANG_ANALYZER_NONNULL = YES;
				CLANG_ANALYZER_NUMBER_OBJECT_CONVERSION = YES_AGGRESSIVE;
				CLANG_CXX_LANGUAGE_STANDARD = "gnu++14";
				CLANG_CXX_LIBRARY = "libc++";
				CLANG_ENABLE_MODULES = YES;
				CLANG_ENABLE_OBJC_ARC = YES;
				CLANG_ENABLE_OBJC_WEAK = YES;
				CLANG_WARN_BLOCK_CAPTURE_AUTORELEASING = YES;
				CLANG_WARN_BOOL_CONVERSION = YES;
				CLANG_WARN_COMMA = YES;
				CLANG_WARN_CONSTANT_CONVERSION = YES;
				CLANG_WARN_DEPRECATED_OBJC_IMPLEMENTATIONS = YES;
				CLANG_WARN_DIRECT_OBJC_ISA_USAGE = YES_ERROR;
				CLANG_WARN_DOCUMENTATION_COMMENTS = YES;
				CLANG_WARN_EMPTY_BODY = YES;
				CLANG_WARN_ENUM_CONVERSION = YES;
				CLANG_WARN_INFINITE_RECURSION = YES;
				CLANG_WARN_INT_CONVERSION = YES;
				CLANG_WARN_NON_LITERAL_NULL_CONVERSION = YES;
				CLANG_WARN_OBJC_IMPLICIT_RETAIN_SELF = YES;
				CLANG_WARN_OBJC_LITERAL_CONVERSION = YES;
				CLANG_WARN_OBJC_ROOT_CLASS = YES_ERROR;
				CLANG_WARN_QUOTED_INCLUDE_IN_FRAMEWORK_HEADER = YES;
				CLANG_WARN_RANGE_LOOP_ANALYSIS = YES;
				CLANG_WARN_STRICT_PROTOTYPES = YES;
				CLANG_WARN_SUSPICIOUS_MOVE = YES;
				CLANG_WARN_UNGUARDED_AVAILABILITY = YES_AGGRESSIVE;
				CLANG_WARN_UNREACHABLE_CODE = YES;
				CLANG_WARN__DUPLICATE_METHOD_MATCH = YES;
				COPY_PHASE_STRIP = NO;
				DEBUG_INFORMATION_FORMAT = dwarf;
				ENABLE_STRICT_OBJC_MSGSEND = YES;
				ENABLE_TESTABILITY = YES;
				GCC_C_LANGUAGE_STANDARD = gnu11;
				GCC_DYNAMIC_NO_PIC = NO;
				GCC_NO_COMMON_BLOCKS = YES;
				GCC_OPTIMIZATION_LEVEL = 0;
				GCC_PREPROCESSOR_DEFINITIONS = (
					"DEBUG=1",
					"$(inherited)",
				);
				GCC_WARN_64_TO_32_BIT_CONVERSION = YES;
				GCC_WARN_ABOUT_RETURN_TYPE = YES_ERROR;
				GCC_WARN_UNDECLARED_SELECTOR = YES;
				GCC_WARN_UNINITIALIZED_AUTOS = YES_AGGRESSIVE;
				GCC_WARN_UNUSED_FUNCTION = YES;
				GCC_WARN_UNUSED_VARIABLE = YES;
				IPHONEOS_DEPLOYMENT_TARGET = 14.5;
				MTL_ENABLE_DEBUG_INFO = INCLUDE_SOURCE;
				MTL_FAST_MATH = YES;
				ONLY_ACTIVE_ARCH = YES;
				SDKROOT = iphoneos;
				SWIFT_ACTIVE_COMPILATION_CONDITIONS = DEBUG;
				SWIFT_OPTIMIZATION_LEVEL = "-Onone";
			};
			name = Debug;
		};
		A94BB08226B0421B0077F6B9 /* Release */ = {
			isa = XCBuildConfiguration;
			buildSettings = {
				ALWAYS_SEARCH_USER_PATHS = NO;
				CLANG_ANALYZER_NONNULL = YES;
				CLANG_ANALYZER_NUMBER_OBJECT_CONVERSION = YES_AGGRESSIVE;
				CLANG_CXX_LANGUAGE_STANDARD = "gnu++14";
				CLANG_CXX_LIBRARY = "libc++";
				CLANG_ENABLE_MODULES = YES;
				CLANG_ENABLE_OBJC_ARC = YES;
				CLANG_ENABLE_OBJC_WEAK = YES;
				CLANG_WARN_BLOCK_CAPTURE_AUTORELEASING = YES;
				CLANG_WARN_BOOL_CONVERSION = YES;
				CLANG_WARN_COMMA = YES;
				CLANG_WARN_CONSTANT_CONVERSION = YES;
				CLANG_WARN_DEPRECATED_OBJC_IMPLEMENTATIONS = YES;
				CLANG_WARN_DIRECT_OBJC_ISA_USAGE = YES_ERROR;
				CLANG_WARN_DOCUMENTATION_COMMENTS = YES;
				CLANG_WARN_EMPTY_BODY = YES;
				CLANG_WARN_ENUM_CONVERSION = YES;
				CLANG_WARN_INFINITE_RECURSION = YES;
				CLANG_WARN_INT_CONVERSION = YES;
				CLANG_WARN_NON_LITERAL_NULL_CONVERSION = YES;
				CLANG_WARN_OBJC_IMPLICIT_RETAIN_SELF = YES;
				CLANG_WARN_OBJC_LITERAL_CONVERSION = YES;
				CLANG_WARN_OBJC_ROOT_CLASS = YES_ERROR;
				CLANG_WARN_QUOTED_INCLUDE_IN_FRAMEWORK_HEADER = YES;
				CLANG_WARN_RANGE_LOOP_ANALYSIS = YES;
				CLANG_WARN_STRICT_PROTOTYPES = YES;
				CLANG_WARN_SUSPICIOUS_MOVE = YES;
				CLANG_WARN_UNGUARDED_AVAILABILITY = YES_AGGRESSIVE;
				CLANG_WARN_UNREACHABLE_CODE = YES;
				CLANG_WARN__DUPLICATE_METHOD_MATCH = YES;
				COPY_PHASE_STRIP = NO;
				DEBUG_INFORMATION_FORMAT = "dwarf-with-dsym";
				ENABLE_NS_ASSERTIONS = NO;
				ENABLE_STRICT_OBJC_MSGSEND = YES;
				GCC_C_LANGUAGE_STANDARD = gnu11;
				GCC_NO_COMMON_BLOCKS = YES;
				GCC_WARN_64_TO_32_BIT_CONVERSION = YES;
				GCC_WARN_ABOUT_RETURN_TYPE = YES_ERROR;
				GCC_WARN_UNDECLARED_SELECTOR = YES;
				GCC_WARN_UNINITIALIZED_AUTOS = YES_AGGRESSIVE;
				GCC_WARN_UNUSED_FUNCTION = YES;
				GCC_WARN_UNUSED_VARIABLE = YES;
				IPHONEOS_DEPLOYMENT_TARGET = 14.5;
				MTL_ENABLE_DEBUG_INFO = NO;
				MTL_FAST_MATH = YES;
				SDKROOT = iphoneos;
				SWIFT_COMPILATION_MODE = wholemodule;
				SWIFT_OPTIMIZATION_LEVEL = "-O";
				VALIDATE_PRODUCT = YES;
			};
			name = Release;
		};
		A94BB08426B0421B0077F6B9 /* Debug */ = {
			isa = XCBuildConfiguration;
			buildSettings = {
				ASSETCATALOG_COMPILER_APPICON_NAME = AppIcon;
				ASSETCATALOG_COMPILER_GLOBAL_ACCENT_COLOR_NAME = AccentColor;
				CODE_SIGN_STYLE = Automatic;
				DEVELOPMENT_ASSET_PATHS = "\"Landmarks/Preview Content\"";
				ENABLE_PREVIEWS = YES;
				INFOPLIST_FILE = Landmarks/Info.plist;
				IPHONEOS_DEPLOYMENT_TARGET = 14.0;
				LD_RUNPATH_SEARCH_PATHS = (
					"$(inherited)",
					"@executable_path/Frameworks",
				);
				PRODUCT_BUNDLE_IDENTIFIER = com.example.Landmarks;
				PRODUCT_NAME = "$(TARGET_NAME)";
				SWIFT_VERSION = 5.0;
				TARGETED_DEVICE_FAMILY = "1,2";
			};
			name = Debug;
		};
		A94BB08526B0421B0077F6B9 /* Release */ = {
			isa = XCBuildConfiguration;
			buildSettings = {
				ASSETCATALOG_COMPILER_APPICON_NAME = AppIcon;
				ASSETCATALOG_COMPILER_GLOBAL_ACCENT_COLOR_NAME = AccentColor;
				CODE_SIGN_STYLE = Automatic;
				DEVELOPMENT_ASSET_PATHS = "\"Landmarks/Preview Content\"";
				ENABLE_PREVIEWS = YES;
				INFOPLIST_FILE = Landmarks/Info.plist;
				IPHONEOS_DEPLOYMENT_TARGET = 14.0;
				LD_RUNPATH_SEARCH_PATHS = (
					"$(inherited)",
					"@executable_path/Frameworks",
				);
				PRODUCT_BUNDLE_IDENTIFIER = com.example.Landmarks;
				PRODUCT_NAME = "$(TARGET_NAME)";
				SWIFT_VERSION = 5.0;
				TARGETED_DEVICE_FAMILY = "1,2";
			};
			name = Release;
		};
/* End XCBuildConfiguration section */

/* Begin XCConfigurationList section */
		A94BB06F26B0421A0077F6B9 /* Build configuration list for PBXProject "Landmarks" */ = {
			isa = XCConfigurationList;
			buildConfigurations = (
				A94BB08126B0421B0077F6B9 /* Debug */,
				A94BB08226B0421B0077F6B9 /* Release */,
			);
			defaultConfigurationIsVisible = 0;
			defaultConfigurationName = Release;
		};
		A94BB08326B0421B0077F6B9 /* Build configuration list for PBXNativeTarget "Landmarks" */ = {
			isa = XCConfigurationList;
			buildConfigurations = (
				A94BB08426B0421B0077F6B9 /* Debug */,
				A94BB08526B0421B0077F6B9 /* Release */,
			);
			defaultConfigurationIsVisible = 0;
			defaultConfigurationName = Release;
		};
/* End XCConfigurationList section */
	};
	rootObject = A94BB06C26B0421A0077F6B9 /* Project object */;
}
